// !$*UTF8*$!
{
	archiveVersion = 1;
	classes = {
	};
	objectVersion = 56;
	objects = {

/* Begin PBXBuildFile section */
		5525588B2A23A7C500E3C740 /* NSArrayToStringArrayTransformer.swift in Sources */ = {isa = PBXBuildFile; fileRef = 5525588A2A23A7C500E3C740 /* NSArrayToStringArrayTransformer.swift */; };
		5525588E2A247C6800E3C740 /* Habit.xcdatamodeld in Sources */ = {isa = PBXBuildFile; fileRef = 5525588C2A247C6700E3C740 /* Habit.xcdatamodeld */; };
		553C1B382A1FEA0100FC17B4 /* UserHabitListHeaderView.swift in Sources */ = {isa = PBXBuildFile; fileRef = 553C1B372A1FEA0100FC17B4 /* UserHabitListHeaderView.swift */; };
		55D844BA2A18C5BF0074032A /* AppDelegate.swift in Sources */ = {isa = PBXBuildFile; fileRef = 55D844B92A18C5BF0074032A /* AppDelegate.swift */; };
		55D844BC2A18C5BF0074032A /* SceneDelegate.swift in Sources */ = {isa = PBXBuildFile; fileRef = 55D844BB2A18C5BF0074032A /* SceneDelegate.swift */; };
		55D844C62A18C5C10074032A /* Assets.xcassets in Resources */ = {isa = PBXBuildFile; fileRef = 55D844C52A18C5C10074032A /* Assets.xcassets */; };
		55D844C92A18C5C10074032A /* LaunchScreen.storyboard in Resources */ = {isa = PBXBuildFile; fileRef = 55D844C72A18C5C10074032A /* LaunchScreen.storyboard */; };
		55D844D42A18C5C20074032A /* HabitTests.swift in Sources */ = {isa = PBXBuildFile; fileRef = 55D844D32A18C5C20074032A /* HabitTests.swift */; };
		55D844DE2A18C5C20074032A /* HabitUITests.swift in Sources */ = {isa = PBXBuildFile; fileRef = 55D844DD2A18C5C20074032A /* HabitUITests.swift */; };
		55D844E02A18C5C20074032A /* HabitUITestsLaunchTests.swift in Sources */ = {isa = PBXBuildFile; fileRef = 55D844DF2A18C5C20074032A /* HabitUITestsLaunchTests.swift */; };
		55D844EE2A18C6530074032A /* CoordinatorKit in Frameworks */ = {isa = PBXBuildFile; productRef = 55D844ED2A18C6530074032A /* CoordinatorKit */; };
		55D844F02A18C6650074032A /* AppCoordinator.swift in Sources */ = {isa = PBXBuildFile; fileRef = 55D844EF2A18C6650074032A /* AppCoordinator.swift */; };
		55D844F32A18C6D00074032A /* HabitListCoordinator.swift in Sources */ = {isa = PBXBuildFile; fileRef = 55D844F22A18C6D00074032A /* HabitListCoordinator.swift */; };
		55D844F52A18C6D80074032A /* HabitListViewModel.swift in Sources */ = {isa = PBXBuildFile; fileRef = 55D844F42A18C6D80074032A /* HabitListViewModel.swift */; };
		55D844F72A18C6DE0074032A /* HabitListController.swift in Sources */ = {isa = PBXBuildFile; fileRef = 55D844F62A18C6DE0074032A /* HabitListController.swift */; };
		55D844FA2A18C7530074032A /* ConstraintsKit in Frameworks */ = {isa = PBXBuildFile; productRef = 55D844F92A18C7530074032A /* ConstraintsKit */; };
		55D845032A18C7790074032A /* SwiftGen_SwiftGenCLI.bundle in Resources */ = {isa = PBXBuildFile; fileRef = 55D844FE2A18C7790074032A /* SwiftGen_SwiftGenCLI.bundle */; };
		55D845042A18C7790074032A /* swiftgen in Resources */ = {isa = PBXBuildFile; fileRef = 55D844FF2A18C7790074032A /* swiftgen */; };
		55D845052A18C7790074032A /* CHANGELOG.md in Resources */ = {isa = PBXBuildFile; fileRef = 55D845002A18C7790074032A /* CHANGELOG.md */; };
		55D845062A18C7790074032A /* README.md in Resources */ = {isa = PBXBuildFile; fileRef = 55D845012A18C7790074032A /* README.md */; };
		55D845072A18C7790074032A /* LICENCE in Resources */ = {isa = PBXBuildFile; fileRef = 55D845022A18C7790074032A /* LICENCE */; };
		55D8450B2A18C8730074032A /* AnimatableViewsKit in Frameworks */ = {isa = PBXBuildFile; productRef = 55D8450A2A18C8730074032A /* AnimatableViewsKit */; };
		55D8450D2A18C8AB0074032A /* swiftgen.yml in Resources */ = {isa = PBXBuildFile; fileRef = 55D8450C2A18C8AB0074032A /* swiftgen.yml */; };
		55D845102A18C9070074032A /* Images.xcassets in Resources */ = {isa = PBXBuildFile; fileRef = 55D8450F2A18C9070074032A /* Images.xcassets */; };
		55D845132A18CEF70074032A /* Colors.xcassets in Resources */ = {isa = PBXBuildFile; fileRef = 55D845122A18CEF70074032A /* Colors.xcassets */; };
		55D845162A18CF100074032A /* Localizable.strings in Resources */ = {isa = PBXBuildFile; fileRef = 55D845182A18CF100074032A /* Localizable.strings */; };
		55D8451D2A18CF8B0074032A /* HabitEditingCoordinator.swift in Sources */ = {isa = PBXBuildFile; fileRef = 55D8451C2A18CF8B0074032A /* HabitEditingCoordinator.swift */; };
		55D8451F2A18CF910074032A /* HabitEditingViewModel.swift in Sources */ = {isa = PBXBuildFile; fileRef = 55D8451E2A18CF910074032A /* HabitEditingViewModel.swift */; };
		55D845212A18CF9B0074032A /* HabitEditingController.swift in Sources */ = {isa = PBXBuildFile; fileRef = 55D845202A18CF9B0074032A /* HabitEditingController.swift */; };
		55D845242A18D2570074032A /* Strings.swift in Sources */ = {isa = PBXBuildFile; fileRef = 55D845222A18D2570074032A /* Strings.swift */; };
		55D845252A18D2570074032A /* Assets.swift in Sources */ = {isa = PBXBuildFile; fileRef = 55D845232A18D2570074032A /* Assets.swift */; };
		55D845282A18D4C30074032A /* UserHabitsService.swift in Sources */ = {isa = PBXBuildFile; fileRef = 55D845272A18D4C30074032A /* UserHabitsService.swift */; };
		55D8452B2A18F1860074032A /* UserHabit.swift in Sources */ = {isa = PBXBuildFile; fileRef = 55D8452A2A18F1860074032A /* UserHabit.swift */; };
		55D8452E2A18F5860074032A /* UserHabitCell.swift in Sources */ = {isa = PBXBuildFile; fileRef = 55D8452D2A18F5860074032A /* UserHabitCell.swift */; };
		55E57B5A2A1D10AE0034C124 /* Date.swift in Sources */ = {isa = PBXBuildFile; fileRef = 55E57B592A1D10AE0034C124 /* Date.swift */; };
		55E57B5C2A1D1AB80034C124 /* UserHabitsProgressService.swift in Sources */ = {isa = PBXBuildFile; fileRef = 55E57B5B2A1D1AB80034C124 /* UserHabitsProgressService.swift */; };
		55E57B5E2A1D1AD50034C124 /* UserHabitProgress.swift in Sources */ = {isa = PBXBuildFile; fileRef = 55E57B5D2A1D1AD50034C124 /* UserHabitProgress.swift */; };
		55E57B612A1D1EBE0034C124 /* UnderlinedTextFieldWithHeader.swift in Sources */ = {isa = PBXBuildFile; fileRef = 55E57B602A1D1EBE0034C124 /* UnderlinedTextFieldWithHeader.swift */; };
/* End PBXBuildFile section */

/* Begin PBXContainerItemProxy section */
		55D844D02A18C5C20074032A /* PBXContainerItemProxy */ = {
			isa = PBXContainerItemProxy;
			containerPortal = 55D844AE2A18C5BF0074032A /* Project object */;
			proxyType = 1;
			remoteGlobalIDString = 55D844B52A18C5BF0074032A;
			remoteInfo = Habit;
		};
		55D844DA2A18C5C20074032A /* PBXContainerItemProxy */ = {
			isa = PBXContainerItemProxy;
			containerPortal = 55D844AE2A18C5BF0074032A /* Project object */;
			proxyType = 1;
			remoteGlobalIDString = 55D844B52A18C5BF0074032A;
			remoteInfo = Habit;
		};
/* End PBXContainerItemProxy section */

/* Begin PBXFileReference section */
		5525588A2A23A7C500E3C740 /* NSArrayToStringArrayTransformer.swift */ = {isa = PBXFileReference; lastKnownFileType = sourcecode.swift; path = NSArrayToStringArrayTransformer.swift; sourceTree = "<group>"; };
		5525588D2A247C6700E3C740 /* Habit.xcdatamodel */ = {isa = PBXFileReference; lastKnownFileType = wrapper.xcdatamodel; path = Habit.xcdatamodel; sourceTree = "<group>"; };
		553C1B372A1FEA0100FC17B4 /* UserHabitListHeaderView.swift */ = {isa = PBXFileReference; lastKnownFileType = sourcecode.swift; path = UserHabitListHeaderView.swift; sourceTree = "<group>"; };
		55D844B62A18C5BF0074032A /* Habit.app */ = {isa = PBXFileReference; explicitFileType = wrapper.application; includeInIndex = 0; path = Habit.app; sourceTree = BUILT_PRODUCTS_DIR; };
		55D844B92A18C5BF0074032A /* AppDelegate.swift */ = {isa = PBXFileReference; lastKnownFileType = sourcecode.swift; path = AppDelegate.swift; sourceTree = "<group>"; };
		55D844BB2A18C5BF0074032A /* SceneDelegate.swift */ = {isa = PBXFileReference; lastKnownFileType = sourcecode.swift; path = SceneDelegate.swift; sourceTree = "<group>"; };
		55D844C52A18C5C10074032A /* Assets.xcassets */ = {isa = PBXFileReference; lastKnownFileType = folder.assetcatalog; path = Assets.xcassets; sourceTree = "<group>"; };
		55D844CA2A18C5C10074032A /* Info.plist */ = {isa = PBXFileReference; lastKnownFileType = text.plist.xml; path = Info.plist; sourceTree = "<group>"; };
		55D844CF2A18C5C20074032A /* HabitTests.xctest */ = {isa = PBXFileReference; explicitFileType = wrapper.cfbundle; includeInIndex = 0; path = HabitTests.xctest; sourceTree = BUILT_PRODUCTS_DIR; };
		55D844D32A18C5C20074032A /* HabitTests.swift */ = {isa = PBXFileReference; lastKnownFileType = sourcecode.swift; path = HabitTests.swift; sourceTree = "<group>"; };
		55D844D92A18C5C20074032A /* HabitUITests.xctest */ = {isa = PBXFileReference; explicitFileType = wrapper.cfbundle; includeInIndex = 0; path = HabitUITests.xctest; sourceTree = BUILT_PRODUCTS_DIR; };
		55D844DD2A18C5C20074032A /* HabitUITests.swift */ = {isa = PBXFileReference; lastKnownFileType = sourcecode.swift; path = HabitUITests.swift; sourceTree = "<group>"; };
		55D844DF2A18C5C20074032A /* HabitUITestsLaunchTests.swift */ = {isa = PBXFileReference; lastKnownFileType = sourcecode.swift; path = HabitUITestsLaunchTests.swift; sourceTree = "<group>"; };
		55D844EF2A18C6650074032A /* AppCoordinator.swift */ = {isa = PBXFileReference; lastKnownFileType = sourcecode.swift; path = AppCoordinator.swift; sourceTree = "<group>"; };
		55D844F22A18C6D00074032A /* HabitListCoordinator.swift */ = {isa = PBXFileReference; lastKnownFileType = sourcecode.swift; path = HabitListCoordinator.swift; sourceTree = "<group>"; };
		55D844F42A18C6D80074032A /* HabitListViewModel.swift */ = {isa = PBXFileReference; lastKnownFileType = sourcecode.swift; path = HabitListViewModel.swift; sourceTree = "<group>"; };
		55D844F62A18C6DE0074032A /* HabitListController.swift */ = {isa = PBXFileReference; lastKnownFileType = sourcecode.swift; path = HabitListController.swift; sourceTree = "<group>"; };
		55D844FE2A18C7790074032A /* SwiftGen_SwiftGenCLI.bundle */ = {isa = PBXFileReference; lastKnownFileType = "wrapper.plug-in"; path = SwiftGen_SwiftGenCLI.bundle; sourceTree = "<group>"; };
		55D844FF2A18C7790074032A /* swiftgen */ = {isa = PBXFileReference; lastKnownFileType = "compiled.mach-o.executable"; path = swiftgen; sourceTree = "<group>"; };
		55D845002A18C7790074032A /* CHANGELOG.md */ = {isa = PBXFileReference; fileEncoding = 4; lastKnownFileType = net.daringfireball.markdown; path = CHANGELOG.md; sourceTree = "<group>"; };
		55D845012A18C7790074032A /* README.md */ = {isa = PBXFileReference; fileEncoding = 4; lastKnownFileType = net.daringfireball.markdown; path = README.md; sourceTree = "<group>"; };
		55D845022A18C7790074032A /* LICENCE */ = {isa = PBXFileReference; fileEncoding = 4; lastKnownFileType = text; path = LICENCE; sourceTree = "<group>"; };
		55D8450C2A18C8AB0074032A /* swiftgen.yml */ = {isa = PBXFileReference; fileEncoding = 4; lastKnownFileType = text.yaml; path = swiftgen.yml; sourceTree = "<group>"; };
		55D8450F2A18C9070074032A /* Images.xcassets */ = {isa = PBXFileReference; lastKnownFileType = folder.assetcatalog; path = Images.xcassets; sourceTree = "<group>"; };
		55D845112A18CA570074032A /* en */ = {isa = PBXFileReference; lastKnownFileType = file.storyboard; name = en; path = en.lproj/LaunchScreen.storyboard; sourceTree = "<group>"; };
		55D845122A18CEF70074032A /* Colors.xcassets */ = {isa = PBXFileReference; lastKnownFileType = folder.assetcatalog; path = Colors.xcassets; sourceTree = "<group>"; };
		55D845172A18CF100074032A /* en */ = {isa = PBXFileReference; lastKnownFileType = text.plist.strings; name = en; path = en.lproj/Localizable.strings; sourceTree = "<group>"; };
		55D8451C2A18CF8B0074032A /* HabitEditingCoordinator.swift */ = {isa = PBXFileReference; lastKnownFileType = sourcecode.swift; path = HabitEditingCoordinator.swift; sourceTree = "<group>"; };
		55D8451E2A18CF910074032A /* HabitEditingViewModel.swift */ = {isa = PBXFileReference; lastKnownFileType = sourcecode.swift; path = HabitEditingViewModel.swift; sourceTree = "<group>"; };
		55D845202A18CF9B0074032A /* HabitEditingController.swift */ = {isa = PBXFileReference; lastKnownFileType = sourcecode.swift; path = HabitEditingController.swift; sourceTree = "<group>"; };
		55D845222A18D2570074032A /* Strings.swift */ = {isa = PBXFileReference; fileEncoding = 4; lastKnownFileType = sourcecode.swift; path = Strings.swift; sourceTree = "<group>"; };
		55D845232A18D2570074032A /* Assets.swift */ = {isa = PBXFileReference; fileEncoding = 4; lastKnownFileType = sourcecode.swift; path = Assets.swift; sourceTree = "<group>"; };
		55D845272A18D4C30074032A /* UserHabitsService.swift */ = {isa = PBXFileReference; lastKnownFileType = sourcecode.swift; path = UserHabitsService.swift; sourceTree = "<group>"; };
		55D8452A2A18F1860074032A /* UserHabit.swift */ = {isa = PBXFileReference; lastKnownFileType = sourcecode.swift; path = UserHabit.swift; sourceTree = "<group>"; };
		55D8452D2A18F5860074032A /* UserHabitCell.swift */ = {isa = PBXFileReference; lastKnownFileType = sourcecode.swift; path = UserHabitCell.swift; sourceTree = "<group>"; };
		55E57B592A1D10AE0034C124 /* Date.swift */ = {isa = PBXFileReference; lastKnownFileType = sourcecode.swift; path = Date.swift; sourceTree = "<group>"; };
		55E57B5B2A1D1AB80034C124 /* UserHabitsProgressService.swift */ = {isa = PBXFileReference; lastKnownFileType = sourcecode.swift; path = UserHabitsProgressService.swift; sourceTree = "<group>"; };
		55E57B5D2A1D1AD50034C124 /* UserHabitProgress.swift */ = {isa = PBXFileReference; lastKnownFileType = sourcecode.swift; path = UserHabitProgress.swift; sourceTree = "<group>"; };
		55E57B602A1D1EBE0034C124 /* UnderlinedTextFieldWithHeader.swift */ = {isa = PBXFileReference; lastKnownFileType = sourcecode.swift; path = UnderlinedTextFieldWithHeader.swift; sourceTree = "<group>"; };
/* End PBXFileReference section */

/* Begin PBXFrameworksBuildPhase section */
		55D844B32A18C5BF0074032A /* Frameworks */ = {
			isa = PBXFrameworksBuildPhase;
			buildActionMask = 2147483647;
			files = (
				55D8450B2A18C8730074032A /* AnimatableViewsKit in Frameworks */,
				55D844FA2A18C7530074032A /* ConstraintsKit in Frameworks */,
				55D844EE2A18C6530074032A /* CoordinatorKit in Frameworks */,
			);
			runOnlyForDeploymentPostprocessing = 0;
		};
		55D844CC2A18C5C20074032A /* Frameworks */ = {
			isa = PBXFrameworksBuildPhase;
			buildActionMask = 2147483647;
			files = (
			);
			runOnlyForDeploymentPostprocessing = 0;
		};
		55D844D62A18C5C20074032A /* Frameworks */ = {
			isa = PBXFrameworksBuildPhase;
			buildActionMask = 2147483647;
			files = (
			);
			runOnlyForDeploymentPostprocessing = 0;
		};
/* End PBXFrameworksBuildPhase section */

/* Begin PBXGroup section */
		552558892A23A7BE00E3C740 /* CoreData */ = {
			isa = PBXGroup;
			children = (
				5525588A2A23A7C500E3C740 /* NSArrayToStringArrayTransformer.swift */,
			);
			path = CoreData;
			sourceTree = "<group>";
		};
		55D844AD2A18C5BF0074032A = {
			isa = PBXGroup;
			children = (
				55D8450C2A18C8AB0074032A /* swiftgen.yml */,
				55D845192A18CF1B0074032A /* Generated */,
				55D844B82A18C5BF0074032A /* Habit */,
				55D844D22A18C5C20074032A /* HabitTests */,
				55D844DC2A18C5C20074032A /* HabitUITests */,
				55D844FB2A18C7790074032A /* ManualInstalledLibraries */,
				55D844B72A18C5BF0074032A /* Products */,
			);
			sourceTree = "<group>";
		};
		55D844B72A18C5BF0074032A /* Products */ = {
			isa = PBXGroup;
			children = (
				55D844B62A18C5BF0074032A /* Habit.app */,
				55D844CF2A18C5C20074032A /* HabitTests.xctest */,
				55D844D92A18C5C20074032A /* HabitUITests.xctest */,
			);
			name = Products;
			sourceTree = "<group>";
		};
		55D844B82A18C5BF0074032A /* Habit */ = {
			isa = PBXGroup;
			children = (
				55D844B92A18C5BF0074032A /* AppDelegate.swift */,
				55D844EF2A18C6650074032A /* AppCoordinator.swift */,
				55D844BB2A18C5BF0074032A /* SceneDelegate.swift */,
				55E57B582A1D10A70034C124 /* Extensions */,
				55D845292A18F16B0074032A /* Models */,
				55D845262A18D4B00074032A /* Services */,
				55D8451A2A18CF710074032A /* Presentation */,
				55D8450E2A18C8F90074032A /* Resources */,
				55D844C52A18C5C10074032A /* Assets.xcassets */,
				55D844C72A18C5C10074032A /* LaunchScreen.storyboard */,
				55D844CA2A18C5C10074032A /* Info.plist */,
				5525588C2A247C6700E3C740 /* Habit.xcdatamodeld */,
			);
			path = Habit;
			sourceTree = "<group>";
		};
		55D844D22A18C5C20074032A /* HabitTests */ = {
			isa = PBXGroup;
			children = (
				55D844D32A18C5C20074032A /* HabitTests.swift */,
			);
			path = HabitTests;
			sourceTree = "<group>";
		};
		55D844DC2A18C5C20074032A /* HabitUITests */ = {
			isa = PBXGroup;
			children = (
				55D844DD2A18C5C20074032A /* HabitUITests.swift */,
				55D844DF2A18C5C20074032A /* HabitUITestsLaunchTests.swift */,
			);
			path = HabitUITests;
			sourceTree = "<group>";
		};
		55D844F12A18C6BF0074032A /* HabitListFlow */ = {
			isa = PBXGroup;
			children = (
				55D844F22A18C6D00074032A /* HabitListCoordinator.swift */,
				55D844F42A18C6D80074032A /* HabitListViewModel.swift */,
				55D844F62A18C6DE0074032A /* HabitListController.swift */,
				55D8452C2A18F56F0074032A /* Components */,
			);
			path = HabitListFlow;
			sourceTree = "<group>";
		};
		55D844FB2A18C7790074032A /* ManualInstalledLibraries */ = {
			isa = PBXGroup;
			children = (
				55D844FC2A18C7790074032A /* swiftgen */,
			);
			path = ManualInstalledLibraries;
			sourceTree = "<group>";
		};
		55D844FC2A18C7790074032A /* swiftgen */ = {
			isa = PBXGroup;
			children = (
				55D844FD2A18C7790074032A /* bin */,
				55D845002A18C7790074032A /* CHANGELOG.md */,
				55D845012A18C7790074032A /* README.md */,
				55D845022A18C7790074032A /* LICENCE */,
			);
			path = swiftgen;
			sourceTree = "<group>";
		};
		55D844FD2A18C7790074032A /* bin */ = {
			isa = PBXGroup;
			children = (
				55D844FE2A18C7790074032A /* SwiftGen_SwiftGenCLI.bundle */,
				55D844FF2A18C7790074032A /* swiftgen */,
			);
			path = bin;
			sourceTree = "<group>";
		};
		55D8450E2A18C8F90074032A /* Resources */ = {
			isa = PBXGroup;
			children = (
				55D8450F2A18C9070074032A /* Images.xcassets */,
				55D845122A18CEF70074032A /* Colors.xcassets */,
				55D845182A18CF100074032A /* Localizable.strings */,
			);
			path = Resources;
			sourceTree = "<group>";
		};
		55D845192A18CF1B0074032A /* Generated */ = {
			isa = PBXGroup;
			children = (
				55D845232A18D2570074032A /* Assets.swift */,
				55D845222A18D2570074032A /* Strings.swift */,
			);
			path = Generated;
			sourceTree = "<group>";
		};
		55D8451A2A18CF710074032A /* Presentation */ = {
			isa = PBXGroup;
			children = (
				55E57B5F2A1D1EB10034C124 /* Components */,
				55D8451B2A18CF7B0074032A /* HabitEditingFlow */,
				55D844F12A18C6BF0074032A /* HabitListFlow */,
			);
			path = Presentation;
			sourceTree = "<group>";
		};
		55D8451B2A18CF7B0074032A /* HabitEditingFlow */ = {
			isa = PBXGroup;
			children = (
				55D8451C2A18CF8B0074032A /* HabitEditingCoordinator.swift */,
				55D8451E2A18CF910074032A /* HabitEditingViewModel.swift */,
				55D845202A18CF9B0074032A /* HabitEditingController.swift */,
			);
			path = HabitEditingFlow;
			sourceTree = "<group>";
		};
		55D845262A18D4B00074032A /* Services */ = {
			isa = PBXGroup;
			children = (
				55D845272A18D4C30074032A /* UserHabitsService.swift */,
				55E57B5B2A1D1AB80034C124 /* UserHabitsProgressService.swift */,
			);
			path = Services;
			sourceTree = "<group>";
		};
		55D845292A18F16B0074032A /* Models */ = {
			isa = PBXGroup;
			children = (
				55D8452A2A18F1860074032A /* UserHabit.swift */,
				55E57B5D2A1D1AD50034C124 /* UserHabitProgress.swift */,
			);
			path = Models;
			sourceTree = "<group>";
		};
		55D8452C2A18F56F0074032A /* Components */ = {
			isa = PBXGroup;
			children = (
				55D8452D2A18F5860074032A /* UserHabitCell.swift */,
				553C1B372A1FEA0100FC17B4 /* UserHabitListHeaderView.swift */,
			);
			path = Components;
			sourceTree = "<group>";
		};
		55E57B582A1D10A70034C124 /* Extensions */ = {
			isa = PBXGroup;
			children = (
				552558892A23A7BE00E3C740 /* CoreData */,
				55E57B592A1D10AE0034C124 /* Date.swift */,
			);
			path = Extensions;
			sourceTree = "<group>";
		};
		55E57B5F2A1D1EB10034C124 /* Components */ = {
			isa = PBXGroup;
			children = (
				55E57B602A1D1EBE0034C124 /* UnderlinedTextFieldWithHeader.swift */,
			);
			path = Components;
			sourceTree = "<group>";
		};
/* End PBXGroup section */

/* Begin PBXNativeTarget section */
		55D844B52A18C5BF0074032A /* Habit */ = {
			isa = PBXNativeTarget;
			buildConfigurationList = 55D844E32A18C5C20074032A /* Build configuration list for PBXNativeTarget "Habit" */;
			buildPhases = (
				55D845082A18C7980074032A /* Swiftgen (lib) */,
				55D844B22A18C5BF0074032A /* Sources */,
				55D844B32A18C5BF0074032A /* Frameworks */,
				55D844B42A18C5BF0074032A /* Resources */,
			);
			buildRules = (
			);
			dependencies = (
			);
			name = Habit;
			packageProductDependencies = (
				55D844ED2A18C6530074032A /* CoordinatorKit */,
				55D844F92A18C7530074032A /* ConstraintsKit */,
				55D8450A2A18C8730074032A /* AnimatableViewsKit */,
			);
			productName = Habit;
			productReference = 55D844B62A18C5BF0074032A /* Habit.app */;
			productType = "com.apple.product-type.application";
		};
		55D844CE2A18C5C20074032A /* HabitTests */ = {
			isa = PBXNativeTarget;
			buildConfigurationList = 55D844E62A18C5C20074032A /* Build configuration list for PBXNativeTarget "HabitTests" */;
			buildPhases = (
				55D844CB2A18C5C20074032A /* Sources */,
				55D844CC2A18C5C20074032A /* Frameworks */,
				55D844CD2A18C5C20074032A /* Resources */,
			);
			buildRules = (
			);
			dependencies = (
				55D844D12A18C5C20074032A /* PBXTargetDependency */,
			);
			name = HabitTests;
			productName = HabitTests;
			productReference = 55D844CF2A18C5C20074032A /* HabitTests.xctest */;
			productType = "com.apple.product-type.bundle.unit-test";
		};
		55D844D82A18C5C20074032A /* HabitUITests */ = {
			isa = PBXNativeTarget;
			buildConfigurationList = 55D844E92A18C5C20074032A /* Build configuration list for PBXNativeTarget "HabitUITests" */;
			buildPhases = (
				55D844D52A18C5C20074032A /* Sources */,
				55D844D62A18C5C20074032A /* Frameworks */,
				55D844D72A18C5C20074032A /* Resources */,
			);
			buildRules = (
			);
			dependencies = (
				55D844DB2A18C5C20074032A /* PBXTargetDependency */,
			);
			name = HabitUITests;
			productName = HabitUITests;
			productReference = 55D844D92A18C5C20074032A /* HabitUITests.xctest */;
			productType = "com.apple.product-type.bundle.ui-testing";
		};
/* End PBXNativeTarget section */

/* Begin PBXProject section */
		55D844AE2A18C5BF0074032A /* Project object */ = {
			isa = PBXProject;
			attributes = {
				BuildIndependentTargetsInParallel = 1;
				LastSwiftUpdateCheck = 1420;
				LastUpgradeCheck = 1420;
				TargetAttributes = {
					55D844B52A18C5BF0074032A = {
						CreatedOnToolsVersion = 14.2;
					};
					55D844CE2A18C5C20074032A = {
						CreatedOnToolsVersion = 14.2;
						TestTargetID = 55D844B52A18C5BF0074032A;
					};
					55D844D82A18C5C20074032A = {
						CreatedOnToolsVersion = 14.2;
						TestTargetID = 55D844B52A18C5BF0074032A;
					};
				};
			};
			buildConfigurationList = 55D844B12A18C5BF0074032A /* Build configuration list for PBXProject "Habit" */;
			compatibilityVersion = "Xcode 14.0";
			developmentRegion = en;
			hasScannedForEncodings = 0;
			knownRegions = (
				en,
			);
			mainGroup = 55D844AD2A18C5BF0074032A;
			packageReferences = (
				55D844EC2A18C6530074032A /* XCRemoteSwiftPackageReference "CoordinatorKit" */,
				55D844F82A18C7530074032A /* XCRemoteSwiftPackageReference "ConstraintsKit" */,
				55D845092A18C8730074032A /* XCRemoteSwiftPackageReference "AnimatableViewsKit" */,
			);
			productRefGroup = 55D844B72A18C5BF0074032A /* Products */;
			projectDirPath = "";
			projectRoot = "";
			targets = (
				55D844B52A18C5BF0074032A /* Habit */,
				55D844CE2A18C5C20074032A /* HabitTests */,
				55D844D82A18C5C20074032A /* HabitUITests */,
			);
		};
/* End PBXProject section */

/* Begin PBXResourcesBuildPhase section */
		55D844B42A18C5BF0074032A /* Resources */ = {
			isa = PBXResourcesBuildPhase;
			buildActionMask = 2147483647;
			files = (
				55D845102A18C9070074032A /* Images.xcassets in Resources */,
				55D845062A18C7790074032A /* README.md in Resources */,
				55D845162A18CF100074032A /* Localizable.strings in Resources */,
				55D845072A18C7790074032A /* LICENCE in Resources */,
				55D845032A18C7790074032A /* SwiftGen_SwiftGenCLI.bundle in Resources */,
				55D8450D2A18C8AB0074032A /* swiftgen.yml in Resources */,
				55D845132A18CEF70074032A /* Colors.xcassets in Resources */,
				55D845052A18C7790074032A /* CHANGELOG.md in Resources */,
				55D844C92A18C5C10074032A /* LaunchScreen.storyboard in Resources */,
				55D844C62A18C5C10074032A /* Assets.xcassets in Resources */,
				55D845042A18C7790074032A /* swiftgen in Resources */,
			);
			runOnlyForDeploymentPostprocessing = 0;
		};
		55D844CD2A18C5C20074032A /* Resources */ = {
			isa = PBXResourcesBuildPhase;
			buildActionMask = 2147483647;
			files = (
			);
			runOnlyForDeploymentPostprocessing = 0;
		};
		55D844D72A18C5C20074032A /* Resources */ = {
			isa = PBXResourcesBuildPhase;
			buildActionMask = 2147483647;
			files = (
			);
			runOnlyForDeploymentPostprocessing = 0;
		};
/* End PBXResourcesBuildPhase section */

/* Begin PBXShellScriptBuildPhase section */
		55D845082A18C7980074032A /* Swiftgen (lib) */ = {
			isa = PBXShellScriptBuildPhase;
			buildActionMask = 2147483647;
			files = (
			);
			inputFileListPaths = (
			);
			inputPaths = (
			);
			name = "Swiftgen (lib)";
			outputFileListPaths = (
			);
			outputPaths = (
			);
			runOnlyForDeploymentPostprocessing = 0;
			shellPath = /bin/sh;
			shellScript = "\"${PROJECT_DIR}/ManualInstalledLibraries/swiftgen/bin/swiftgen\"\n";
		};
/* End PBXShellScriptBuildPhase section */

/* Begin PBXSourcesBuildPhase section */
		55D844B22A18C5BF0074032A /* Sources */ = {
			isa = PBXSourcesBuildPhase;
			buildActionMask = 2147483647;
			files = (
				5525588E2A247C6800E3C740 /* Habit.xcdatamodeld in Sources */,
				55D845282A18D4C30074032A /* UserHabitsService.swift in Sources */,
				55D8451D2A18CF8B0074032A /* HabitEditingCoordinator.swift in Sources */,
				55D845242A18D2570074032A /* Strings.swift in Sources */,
				553C1B382A1FEA0100FC17B4 /* UserHabitListHeaderView.swift in Sources */,
				55E57B5A2A1D10AE0034C124 /* Date.swift in Sources */,
				55D8452B2A18F1860074032A /* UserHabit.swift in Sources */,
				55D845252A18D2570074032A /* Assets.swift in Sources */,
				55D844BA2A18C5BF0074032A /* AppDelegate.swift in Sources */,
				55E57B5C2A1D1AB80034C124 /* UserHabitsProgressService.swift in Sources */,
				55D844F02A18C6650074032A /* AppCoordinator.swift in Sources */,
				5525588B2A23A7C500E3C740 /* NSArrayToStringArrayTransformer.swift in Sources */,
				55E57B5E2A1D1AD50034C124 /* UserHabitProgress.swift in Sources */,
				55D8452E2A18F5860074032A /* UserHabitCell.swift in Sources */,
				55D844F72A18C6DE0074032A /* HabitListController.swift in Sources */,
				55D844F52A18C6D80074032A /* HabitListViewModel.swift in Sources */,
				55D844BC2A18C5BF0074032A /* SceneDelegate.swift in Sources */,
				55D844F32A18C6D00074032A /* HabitListCoordinator.swift in Sources */,
				55E57B612A1D1EBE0034C124 /* UnderlinedTextFieldWithHeader.swift in Sources */,
				55D8451F2A18CF910074032A /* HabitEditingViewModel.swift in Sources */,
				55D845212A18CF9B0074032A /* HabitEditingController.swift in Sources */,
			);
			runOnlyForDeploymentPostprocessing = 0;
		};
		55D844CB2A18C5C20074032A /* Sources */ = {
			isa = PBXSourcesBuildPhase;
			buildActionMask = 2147483647;
			files = (
				55D844D42A18C5C20074032A /* HabitTests.swift in Sources */,
			);
			runOnlyForDeploymentPostprocessing = 0;
		};
		55D844D52A18C5C20074032A /* Sources */ = {
			isa = PBXSourcesBuildPhase;
			buildActionMask = 2147483647;
			files = (
				55D844DE2A18C5C20074032A /* HabitUITests.swift in Sources */,
				55D844E02A18C5C20074032A /* HabitUITestsLaunchTests.swift in Sources */,
			);
			runOnlyForDeploymentPostprocessing = 0;
		};
/* End PBXSourcesBuildPhase section */

/* Begin PBXTargetDependency section */
		55D844D12A18C5C20074032A /* PBXTargetDependency */ = {
			isa = PBXTargetDependency;
			target = 55D844B52A18C5BF0074032A /* Habit */;
			targetProxy = 55D844D02A18C5C20074032A /* PBXContainerItemProxy */;
		};
		55D844DB2A18C5C20074032A /* PBXTargetDependency */ = {
			isa = PBXTargetDependency;
			target = 55D844B52A18C5BF0074032A /* Habit */;
			targetProxy = 55D844DA2A18C5C20074032A /* PBXContainerItemProxy */;
		};
/* End PBXTargetDependency section */

/* Begin PBXVariantGroup section */
		55D844C72A18C5C10074032A /* LaunchScreen.storyboard */ = {
			isa = PBXVariantGroup;
			children = (
				55D845112A18CA570074032A /* en */,
			);
			name = LaunchScreen.storyboard;
			sourceTree = "<group>";
		};
		55D845182A18CF100074032A /* Localizable.strings */ = {
			isa = PBXVariantGroup;
			children = (
				55D845172A18CF100074032A /* en */,
			);
			name = Localizable.strings;
			sourceTree = "<group>";
		};
/* End PBXVariantGroup section */

/* Begin XCBuildConfiguration section */
		55D844E12A18C5C20074032A /* Debug */ = {
			isa = XCBuildConfiguration;
			buildSettings = {
				ALWAYS_SEARCH_USER_PATHS = NO;
				CLANG_ANALYZER_NONNULL = YES;
				CLANG_ANALYZER_NUMBER_OBJECT_CONVERSION = YES_AGGRESSIVE;
				CLANG_CXX_LANGUAGE_STANDARD = "gnu++20";
				CLANG_ENABLE_MODULES = YES;
				CLANG_ENABLE_OBJC_ARC = YES;
				CLANG_ENABLE_OBJC_WEAK = YES;
				CLANG_WARN_BLOCK_CAPTURE_AUTORELEASING = YES;
				CLANG_WARN_BOOL_CONVERSION = YES;
				CLANG_WARN_COMMA = YES;
				CLANG_WARN_CONSTANT_CONVERSION = YES;
				CLANG_WARN_DEPRECATED_OBJC_IMPLEMENTATIONS = YES;
				CLANG_WARN_DIRECT_OBJC_ISA_USAGE = YES_ERROR;
				CLANG_WARN_DOCUMENTATION_COMMENTS = YES;
				CLANG_WARN_EMPTY_BODY = YES;
				CLANG_WARN_ENUM_CONVERSION = YES;
				CLANG_WARN_INFINITE_RECURSION = YES;
				CLANG_WARN_INT_CONVERSION = YES;
				CLANG_WARN_NON_LITERAL_NULL_CONVERSION = YES;
				CLANG_WARN_OBJC_IMPLICIT_RETAIN_SELF = YES;
				CLANG_WARN_OBJC_LITERAL_CONVERSION = YES;
				CLANG_WARN_OBJC_ROOT_CLASS = YES_ERROR;
				CLANG_WARN_QUOTED_INCLUDE_IN_FRAMEWORK_HEADER = YES;
				CLANG_WARN_RANGE_LOOP_ANALYSIS = YES;
				CLANG_WARN_STRICT_PROTOTYPES = YES;
				CLANG_WARN_SUSPICIOUS_MOVE = YES;
				CLANG_WARN_UNGUARDED_AVAILABILITY = YES_AGGRESSIVE;
				CLANG_WARN_UNREACHABLE_CODE = YES;
				CLANG_WARN__DUPLICATE_METHOD_MATCH = YES;
				COPY_PHASE_STRIP = NO;
				DEBUG_INFORMATION_FORMAT = dwarf;
				ENABLE_STRICT_OBJC_MSGSEND = YES;
				ENABLE_TESTABILITY = YES;
				GCC_C_LANGUAGE_STANDARD = gnu11;
				GCC_DYNAMIC_NO_PIC = NO;
				GCC_NO_COMMON_BLOCKS = YES;
				GCC_OPTIMIZATION_LEVEL = 0;
				GCC_PREPROCESSOR_DEFINITIONS = (
					"DEBUG=1",
					"$(inherited)",
				);
				GCC_WARN_64_TO_32_BIT_CONVERSION = YES;
				GCC_WARN_ABOUT_RETURN_TYPE = YES_ERROR;
				GCC_WARN_UNDECLARED_SELECTOR = YES;
				GCC_WARN_UNINITIALIZED_AUTOS = YES_AGGRESSIVE;
				GCC_WARN_UNUSED_FUNCTION = YES;
				GCC_WARN_UNUSED_VARIABLE = YES;
				IPHONEOS_DEPLOYMENT_TARGET = 13.0;
				MTL_ENABLE_DEBUG_INFO = INCLUDE_SOURCE;
				MTL_FAST_MATH = YES;
				ONLY_ACTIVE_ARCH = YES;
				SDKROOT = iphoneos;
				SWIFT_ACTIVE_COMPILATION_CONDITIONS = DEBUG;
				SWIFT_OPTIMIZATION_LEVEL = "-Onone";
			};
			name = Debug;
		};
		55D844E22A18C5C20074032A /* Release */ = {
			isa = XCBuildConfiguration;
			buildSettings = {
				ALWAYS_SEARCH_USER_PATHS = NO;
				CLANG_ANALYZER_NONNULL = YES;
				CLANG_ANALYZER_NUMBER_OBJECT_CONVERSION = YES_AGGRESSIVE;
				CLANG_CXX_LANGUAGE_STANDARD = "gnu++20";
				CLANG_ENABLE_MODULES = YES;
				CLANG_ENABLE_OBJC_ARC = YES;
				CLANG_ENABLE_OBJC_WEAK = YES;
				CLANG_WARN_BLOCK_CAPTURE_AUTORELEASING = YES;
				CLANG_WARN_BOOL_CONVERSION = YES;
				CLANG_WARN_COMMA = YES;
				CLANG_WARN_CONSTANT_CONVERSION = YES;
				CLANG_WARN_DEPRECATED_OBJC_IMPLEMENTATIONS = YES;
				CLANG_WARN_DIRECT_OBJC_ISA_USAGE = YES_ERROR;
				CLANG_WARN_DOCUMENTATION_COMMENTS = YES;
				CLANG_WARN_EMPTY_BODY = YES;
				CLANG_WARN_ENUM_CONVERSION = YES;
				CLANG_WARN_INFINITE_RECURSION = YES;
				CLANG_WARN_INT_CONVERSION = YES;
				CLANG_WARN_NON_LITERAL_NULL_CONVERSION = YES;
				CLANG_WARN_OBJC_IMPLICIT_RETAIN_SELF = YES;
				CLANG_WARN_OBJC_LITERAL_CONVERSION = YES;
				CLANG_WARN_OBJC_ROOT_CLASS = YES_ERROR;
				CLANG_WARN_QUOTED_INCLUDE_IN_FRAMEWORK_HEADER = YES;
				CLANG_WARN_RANGE_LOOP_ANALYSIS = YES;
				CLANG_WARN_STRICT_PROTOTYPES = YES;
				CLANG_WARN_SUSPICIOUS_MOVE = YES;
				CLANG_WARN_UNGUARDED_AVAILABILITY = YES_AGGRESSIVE;
				CLANG_WARN_UNREACHABLE_CODE = YES;
				CLANG_WARN__DUPLICATE_METHOD_MATCH = YES;
				COPY_PHASE_STRIP = NO;
				DEBUG_INFORMATION_FORMAT = "dwarf-with-dsym";
				ENABLE_NS_ASSERTIONS = NO;
				ENABLE_STRICT_OBJC_MSGSEND = YES;
				GCC_C_LANGUAGE_STANDARD = gnu11;
				GCC_NO_COMMON_BLOCKS = YES;
				GCC_WARN_64_TO_32_BIT_CONVERSION = YES;
				GCC_WARN_ABOUT_RETURN_TYPE = YES_ERROR;
				GCC_WARN_UNDECLARED_SELECTOR = YES;
				GCC_WARN_UNINITIALIZED_AUTOS = YES_AGGRESSIVE;
				GCC_WARN_UNUSED_FUNCTION = YES;
				GCC_WARN_UNUSED_VARIABLE = YES;
				IPHONEOS_DEPLOYMENT_TARGET = 13.0;
				MTL_ENABLE_DEBUG_INFO = NO;
				MTL_FAST_MATH = YES;
				SDKROOT = iphoneos;
				SWIFT_COMPILATION_MODE = wholemodule;
				SWIFT_OPTIMIZATION_LEVEL = "-O";
				VALIDATE_PRODUCT = YES;
			};
			name = Release;
		};
		55D844E42A18C5C20074032A /* Debug */ = {
			isa = XCBuildConfiguration;
			buildSettings = {
				ASSETCATALOG_COMPILER_APPICON_NAME = AppIcon;
				ASSETCATALOG_COMPILER_GLOBAL_ACCENT_COLOR_NAME = AccentColor;
				CODE_SIGN_STYLE = Automatic;
				CURRENT_PROJECT_VERSION = 1;
				DEVELOPMENT_TEAM = 2Q72JE9WMB;
				GENERATE_INFOPLIST_FILE = YES;
				INFOPLIST_FILE = Habit/Info.plist;
				INFOPLIST_KEY_UIApplicationSupportsIndirectInputEvents = YES;
				INFOPLIST_KEY_UILaunchStoryboardName = LaunchScreen.storyboard;
				INFOPLIST_KEY_UISupportedInterfaceOrientations_iPad = "UIInterfaceOrientationPortrait UIInterfaceOrientationPortraitUpsideDown UIInterfaceOrientationLandscapeLeft UIInterfaceOrientationLandscapeRight";
				INFOPLIST_KEY_UISupportedInterfaceOrientations_iPhone = "UIInterfaceOrientationPortrait UIInterfaceOrientationLandscapeLeft UIInterfaceOrientationLandscapeRight";
				IPHONEOS_DEPLOYMENT_TARGET = 13.0;
				LD_RUNPATH_SEARCH_PATHS = (
					"$(inherited)",
					"@executable_path/Frameworks",
				);
				MARKETING_VERSION = 1.0;
				PRODUCT_BUNDLE_IDENTIFIER = com.krotov.Habit;
				PRODUCT_NAME = "$(TARGET_NAME)";
				SWIFT_EMIT_LOC_STRINGS = YES;
				SWIFT_VERSION = 5.0;
				TARGETED_DEVICE_FAMILY = "1,2";
			};
			name = Debug;
		};
		55D844E52A18C5C20074032A /* Release */ = {
			isa = XCBuildConfiguration;
			buildSettings = {
				ASSETCATALOG_COMPILER_APPICON_NAME = AppIcon;
				ASSETCATALOG_COMPILER_GLOBAL_ACCENT_COLOR_NAME = AccentColor;
				CODE_SIGN_STYLE = Automatic;
				CURRENT_PROJECT_VERSION = 1;
				DEVELOPMENT_TEAM = 2Q72JE9WMB;
				GENERATE_INFOPLIST_FILE = YES;
				INFOPLIST_FILE = Habit/Info.plist;
				INFOPLIST_KEY_UIApplicationSupportsIndirectInputEvents = YES;
				INFOPLIST_KEY_UILaunchStoryboardName = LaunchScreen.storyboard;
				INFOPLIST_KEY_UISupportedInterfaceOrientations_iPad = "UIInterfaceOrientationPortrait UIInterfaceOrientationPortraitUpsideDown UIInterfaceOrientationLandscapeLeft UIInterfaceOrientationLandscapeRight";
				INFOPLIST_KEY_UISupportedInterfaceOrientations_iPhone = "UIInterfaceOrientationPortrait UIInterfaceOrientationLandscapeLeft UIInterfaceOrientationLandscapeRight";
				IPHONEOS_DEPLOYMENT_TARGET = 13.0;
				LD_RUNPATH_SEARCH_PATHS = (
					"$(inherited)",
					"@executable_path/Frameworks",
				);
				MARKETING_VERSION = 1.0;
				PRODUCT_BUNDLE_IDENTIFIER = com.krotov.Habit;
				PRODUCT_NAME = "$(TARGET_NAME)";
				SWIFT_EMIT_LOC_STRINGS = YES;
				SWIFT_VERSION = 5.0;
				TARGETED_DEVICE_FAMILY = "1,2";
			};
			name = Release;
		};
		55D844E72A18C5C20074032A /* Debug */ = {
			isa = XCBuildConfiguration;
			buildSettings = {
				ALWAYS_EMBED_SWIFT_STANDARD_LIBRARIES = YES;
				BUNDLE_LOADER = "$(TEST_HOST)";
				CODE_SIGN_STYLE = Automatic;
				CURRENT_PROJECT_VERSION = 1;
				DEVELOPMENT_TEAM = 2Q72JE9WMB;
				GENERATE_INFOPLIST_FILE = YES;
				IPHONEOS_DEPLOYMENT_TARGET = 16.2;
				MARKETING_VERSION = 1.0;
				PRODUCT_BUNDLE_IDENTIFIER = com.krotov.HabitTests;
				PRODUCT_NAME = "$(TARGET_NAME)";
				SWIFT_EMIT_LOC_STRINGS = NO;
				SWIFT_VERSION = 5.0;
				TARGETED_DEVICE_FAMILY = "1,2";
				TEST_HOST = "$(BUILT_PRODUCTS_DIR)/Habit.app/$(BUNDLE_EXECUTABLE_FOLDER_PATH)/Habit";
			};
			name = Debug;
		};
		55D844E82A18C5C20074032A /* Release */ = {
			isa = XCBuildConfiguration;
			buildSettings = {
				ALWAYS_EMBED_SWIFT_STANDARD_LIBRARIES = YES;
				BUNDLE_LOADER = "$(TEST_HOST)";
				CODE_SIGN_STYLE = Automatic;
				CURRENT_PROJECT_VERSION = 1;
				DEVELOPMENT_TEAM = 2Q72JE9WMB;
				GENERATE_INFOPLIST_FILE = YES;
				IPHONEOS_DEPLOYMENT_TARGET = 16.2;
				MARKETING_VERSION = 1.0;
				PRODUCT_BUNDLE_IDENTIFIER = com.krotov.HabitTests;
				PRODUCT_NAME = "$(TARGET_NAME)";
				SWIFT_EMIT_LOC_STRINGS = NO;
				SWIFT_VERSION = 5.0;
				TARGETED_DEVICE_FAMILY = "1,2";
				TEST_HOST = "$(BUILT_PRODUCTS_DIR)/Habit.app/$(BUNDLE_EXECUTABLE_FOLDER_PATH)/Habit";
			};
			name = Release;
		};
		55D844EA2A18C5C20074032A /* Debug */ = {
			isa = XCBuildConfiguration;
			buildSettings = {
				ALWAYS_EMBED_SWIFT_STANDARD_LIBRARIES = YES;
				CODE_SIGN_STYLE = Automatic;
				CURRENT_PROJECT_VERSION = 1;
				DEVELOPMENT_TEAM = 2Q72JE9WMB;
				GENERATE_INFOPLIST_FILE = YES;
				MARKETING_VERSION = 1.0;
				PRODUCT_BUNDLE_IDENTIFIER = com.krotov.HabitUITests;
				PRODUCT_NAME = "$(TARGET_NAME)";
				SWIFT_EMIT_LOC_STRINGS = NO;
				SWIFT_VERSION = 5.0;
				TARGETED_DEVICE_FAMILY = "1,2";
				TEST_TARGET_NAME = Habit;
			};
			name = Debug;
		};
		55D844EB2A18C5C20074032A /* Release */ = {
			isa = XCBuildConfiguration;
			buildSettings = {
				ALWAYS_EMBED_SWIFT_STANDARD_LIBRARIES = YES;
				CODE_SIGN_STYLE = Automatic;
				CURRENT_PROJECT_VERSION = 1;
				DEVELOPMENT_TEAM = 2Q72JE9WMB;
				GENERATE_INFOPLIST_FILE = YES;
				MARKETING_VERSION = 1.0;
				PRODUCT_BUNDLE_IDENTIFIER = com.krotov.HabitUITests;
				PRODUCT_NAME = "$(TARGET_NAME)";
				SWIFT_EMIT_LOC_STRINGS = NO;
				SWIFT_VERSION = 5.0;
				TARGETED_DEVICE_FAMILY = "1,2";
				TEST_TARGET_NAME = Habit;
			};
			name = Release;
		};
/* End XCBuildConfiguration section */

/* Begin XCConfigurationList section */
		55D844B12A18C5BF0074032A /* Build configuration list for PBXProject "Habit" */ = {
			isa = XCConfigurationList;
			buildConfigurations = (
				55D844E12A18C5C20074032A /* Debug */,
				55D844E22A18C5C20074032A /* Release */,
			);
			defaultConfigurationIsVisible = 0;
			defaultConfigurationName = Release;
		};
		55D844E32A18C5C20074032A /* Build configuration list for PBXNativeTarget "Habit" */ = {
			isa = XCConfigurationList;
			buildConfigurations = (
				55D844E42A18C5C20074032A /* Debug */,
				55D844E52A18C5C20074032A /* Release */,
			);
			defaultConfigurationIsVisible = 0;
			defaultConfigurationName = Release;
		};
		55D844E62A18C5C20074032A /* Build configuration list for PBXNativeTarget "HabitTests" */ = {
			isa = XCConfigurationList;
			buildConfigurations = (
				55D844E72A18C5C20074032A /* Debug */,
				55D844E82A18C5C20074032A /* Release */,
			);
			defaultConfigurationIsVisible = 0;
			defaultConfigurationName = Release;
		};
		55D844E92A18C5C20074032A /* Build configuration list for PBXNativeTarget "HabitUITests" */ = {
			isa = XCConfigurationList;
			buildConfigurations = (
				55D844EA2A18C5C20074032A /* Debug */,
				55D844EB2A18C5C20074032A /* Release */,
			);
			defaultConfigurationIsVisible = 0;
			defaultConfigurationName = Release;
		};
/* End XCConfigurationList section */

/* Begin XCRemoteSwiftPackageReference section */
		55D844EC2A18C6530074032A /* XCRemoteSwiftPackageReference "CoordinatorKit" */ = {
			isa = XCRemoteSwiftPackageReference;
			repositoryURL = "https://github.com/krotoff/CoordinatorKit";
			requirement = {
				branch = main;
				kind = branch;
			};
		};
		55D844F82A18C7530074032A /* XCRemoteSwiftPackageReference "ConstraintsKit" */ = {
			isa = XCRemoteSwiftPackageReference;
			repositoryURL = "https://github.com/krotoff/ConstraintsKit";
			requirement = {
				branch = main;
				kind = branch;
			};
		};
		55D845092A18C8730074032A /* XCRemoteSwiftPackageReference "AnimatableViewsKit" */ = {
			isa = XCRemoteSwiftPackageReference;
			repositoryURL = "https://github.com/krotoff/AnimatableViewsKit";
			requirement = {
				branch = main;
				kind = branch;
			};
		};
/* End XCRemoteSwiftPackageReference section */

/* Begin XCSwiftPackageProductDependency section */
		55D844ED2A18C6530074032A /* CoordinatorKit */ = {
			isa = XCSwiftPackageProductDependency;
			package = 55D844EC2A18C6530074032A /* XCRemoteSwiftPackageReference "CoordinatorKit" */;
			productName = CoordinatorKit;
		};
		55D844F92A18C7530074032A /* ConstraintsKit */ = {
			isa = XCSwiftPackageProductDependency;
			package = 55D844F82A18C7530074032A /* XCRemoteSwiftPackageReference "ConstraintsKit" */;
			productName = ConstraintsKit;
		};
		55D8450A2A18C8730074032A /* AnimatableViewsKit */ = {
			isa = XCSwiftPackageProductDependency;
			package = 55D845092A18C8730074032A /* XCRemoteSwiftPackageReference "AnimatableViewsKit" */;
			productName = AnimatableViewsKit;
		};
/* End XCSwiftPackageProductDependency section */

/* Begin XCVersionGroup section */
		5525588C2A247C6700E3C740 /* Habit.xcdatamodeld */ = {
			isa = XCVersionGroup;
			children = (
				5525588D2A247C6700E3C740 /* Habit.xcdatamodel */,
			);
			currentVersion = 5525588D2A247C6700E3C740 /* Habit.xcdatamodel */;
			path = Habit.xcdatamodeld;
			sourceTree = "<group>";
			versionGroupType = wrapper.xcdatamodel;
		};
/* End XCVersionGroup section */
	};
	rootObject = 55D844AE2A18C5BF0074032A /* Project object */;
}
